<?xml version="1.0" encoding="utf-8"?>
<Project ToolsVersion="4.0" xmlns="http://schemas.microsoft.com/developer/msbuild/2003">
  <ItemGroup>
    <Filter Include="Source Files">
      <UniqueIdentifier>{4FC737F1-C7A5-4376-A066-2A32D752A2FF}</UniqueIdentifier>
      <Extensions>qml;cpp;c;cc;cxx;def;odl;idl;hpj;bat;asm;asmx</Extensions>
    </Filter>
    <Filter Include="Header Files">
      <UniqueIdentifier>{93995380-89BD-4b04-88EB-625FBE52EBFB}</UniqueIdentifier>
      <Extensions>h;hh;hpp;hxx;hm;inl;inc;xsd</Extensions>
    </Filter>
    <Filter Include="Resource Files">
      <UniqueIdentifier>{67DA6AB6-F800-4c08-8B7A-83BB121AAD01}</UniqueIdentifier>
      <Extensions>qrc;rc;ico;cur;bmp;dlg;rc2;rct;bin;rgs;gif;jpg;jpeg;jpe;resx;tiff;tif;png;wav;mfcribbon-ms</Extensions>
    </Filter>
    <Filter Include="Form Files">
      <UniqueIdentifier>{99349809-55BA-4b9d-BF79-8FDBB0286EB3}</UniqueIdentifier>
      <Extensions>ui</Extensions>
    </Filter>
    <Filter Include="Translation Files">
      <UniqueIdentifier>{639EADAA-A684-42e4-A9AD-28FC9BCB8F7C}</UniqueIdentifier>
      <Extensions>ts</Extensions>
    </Filter>
    <Filter Include="Header Files\service">
      <UniqueIdentifier>{566d7468-2df8-4bed-a60f-4c5fd54366bc}</UniqueIdentifier>
    </Filter>
    <Filter Include="Source Files\service">
      <UniqueIdentifier>{483dfa81-c720-40d2-9687-fed5e4c8737a}</UniqueIdentifier>
    </Filter>
    <Filter Include="Header Files\dao">
      <UniqueIdentifier>{e6c50c86-34f4-4083-b38d-5085c0eaa2dd}</UniqueIdentifier>
    </Filter>
    <Filter Include="Source Files\dao">
      <UniqueIdentifier>{0a058d2a-9f8f-4cb4-9ad9-87b406d7aedf}</UniqueIdentifier>
    </Filter>
    <Filter Include="Header Files\uic">
      <UniqueIdentifier>{06652dae-f945-490b-a446-a69394064a39}</UniqueIdentifier>
    </Filter>
  </ItemGroup>
  <ItemGroup>
    <QtRcc Include="kmainwindow.qrc">
      <Filter>Resource Files</Filter>
    </QtRcc>
    <QtUic Include="kmainwindow.ui">
      <Filter>Form Files</Filter>
    </QtUic>
    <QtMoc Include="kmainwindow.h">
      <Filter>Header Files</Filter>
    </QtMoc>
    <ClCompile Include="kmainwindow.cpp">
      <Filter>Source Files</Filter>
    </ClCompile>
    <QtRcc Include="kloginwindow.qrc">
      <Filter>Resource Files</Filter>
    </QtRcc>
    <QtRcc Include="kdialogwindow.qrc">
      <Filter>Resource Files</Filter>
    </QtRcc>
  </ItemGroup>
  <ItemGroup>
    <ClCompile Include="main.cpp">
      <Filter>Source Files</Filter>
    </ClCompile>
    <ClCompile Include="kloginwindow.cpp">
      <Filter>Source Files</Filter>
    </ClCompile>
    <ClCompile Include="kdialogwindow.cpp">
      <Filter>Source Files</Filter>
    </ClCompile>
    <ClCompile Include="kservice.cpp">
      <Filter>Source Files\service</Filter>
    </ClCompile>
    <ClCompile Include="kdatabase.cpp">
      <Filter>Source Files\dao</Filter>
    </ClCompile>
    <ClCompile Include="ktask.cpp">
      <Filter>Source Files</Filter>
    </ClCompile>
  </ItemGroup>
  <ItemGroup>
    <QtMoc Include="kloginwindow.h">
      <Filter>Header Files</Filter>
    </QtMoc>
    <QtMoc Include="kdialogwindow.h">
      <Filter>Header Files</Filter>
    </QtMoc>
    <QtMoc Include="kservice.h">
      <Filter>Header Files\service</Filter>
    </QtMoc>
    <QtMoc Include="kdatabase.h">
      <Filter>Header Files\dao</Filter>
    </QtMoc>
    <QtMoc Include="ktask.h">
      <Filter>Header Files</Filter>
    </QtMoc>
    <QtMoc Include="kthread.h">
      <Filter>Header Files</Filter>
    </QtMoc>
  </ItemGroup>
  <ItemGroup>
    <QtUic Include="kloginwindow.ui">
      <Filter>Form Files</Filter>
    </QtUic>
    <QtUic Include="kdialogwindow.ui">
      <Filter>Form Files</Filter>
    </QtUic>
  </ItemGroup>
  <ItemGroup>
    <ClInclude Include="x64\Debug\uic\ui_kdialogwindow.h">
      <Filter>Header Files\uic</Filter>
    </ClInclude>
    <ClInclude Include="x64\Debug\uic\ui_kloginwindow.h">
      <Filter>Header Files\uic</Filter>
    </ClInclude>
    <ClInclude Include="x64\Debug\uic\ui_kmainwindow.h">
      <Filter>Header Files\uic</Filter>
    </ClInclude>
  </ItemGroup>
</Project>